
Microsoft Visual Studio Solution File, Format Version 12.00
# Visual Studio Version 17
VisualStudioVersion = 17.3.32804.467
MinimumVisualStudioVersion = 10.0.40219.1
Project("{FAE04EC0-301F-11D3-BF4B-00C04F79EFBC}") = "Game Caro", "TextGame\Game Caro.csproj", "{184C6F99-BFAC-45D3-B671-E075CD790783}"
EndProject
Global
	GlobalSection(SolutionConfigurationPlatforms) = preSolution
		Debug|Any CPU = Debug|Any CPU
		Release|Any CPU = Release|Any CPU
	EndGlobalSection
	GlobalSection(ProjectConfigurationPlatforms) = postSolution
		{184C6F99-BFAC-45D3-B671-E075CD790783}.Debug|Any CPU.ActiveCfg = Debug|Any CPU
		{184C6F99-BFAC-45D3-B671-E075CD790783}.Debug|Any CPU.Build.0 = Debug|Any CPU
		{184C6F99-BFAC-45D3-B671-E075CD790783}.Release|Any CPU.ActiveCfg = Release|Any CPU
		{184C6F99-BFAC-45D3-B671-E075CD790783}.Release|Any CPU.Build.0 = Release|Any CPU
	EndGlobalSection
	GlobalSection(SolutionProperties) = preSolution
		HideSolutionNode = FALSE
	EndGlobalSection
	GlobalSection(ExtensibilityGlobals) = postSolution
		SolutionGuid = {BE2313C8-11E4-4398-A5F3-142589B2BB05}
	EndGlobalSection
EndGlobal
